
Microsoft Visual Studio Solution File, Format Version 12.00
# Visual Studio 15
VisualStudioVersion = 15.0.28307.572
MinimumVisualStudioVersion = 10.0.40219.1
Project("{FAE04EC0-301F-11D3-BF4B-00C04F79EFBC}") = "Komis", "Komis\Komis.csproj", "{7ACDD8C3-857C-438B-9B3E-FA81BE6D8406}"
EndProject
Global
	GlobalSection(SolutionConfigurationPlatforms) = preSolution
		Debug|Any CPU = Debug|Any CPU
		Release|Any CPU = Release|Any CPU
	EndGlobalSection
	GlobalSection(ProjectConfigurationPlatforms) = postSolution
		{7ACDD8C3-857C-438B-9B3E-FA81BE6D8406}.Debug|Any CPU.ActiveCfg = Debug|Any CPU
		{7ACDD8C3-857C-438B-9B3E-FA81BE6D8406}.Debug|Any CPU.Build.0 = Debug|Any CPU
		{7ACDD8C3-857C-438B-9B3E-FA81BE6D8406}.Release|Any CPU.ActiveCfg = Release|Any CPU
		{7ACDD8C3-857C-438B-9B3E-FA81BE6D8406}.Release|Any CPU.Build.0 = Release|Any CPU
	EndGlobalSection
	GlobalSection(SolutionProperties) = preSolution
		HideSolutionNode = FALSE
	EndGlobalSection
	GlobalSection(ExtensibilityGlobals) = postSolution
		SolutionGuid = {39886B12-8095-47A4-9766-599D25FFDBE9}
	EndGlobalSection
EndGlobal
